
Microsoft Visual Studio Solution File, Format Version 12.00
# Visual Studio Version 17
VisualStudioVersion = 17.2.32630.192
MinimumVisualStudioVersion = 10.0.40219.1
Project("{FAE04EC0-301F-11D3-BF4B-00C04F79EFBC}") = "BootWhatsApp", "BootWhatsApp\BootWhatsApp.csproj", "{FBF36A28-75EA-4F70-B6BE-1EE14952FFC8}"
EndProject
Global
	GlobalSection(SolutionConfigurationPlatforms) = preSolution
		Debug|Any CPU = Debug|Any CPU
		Release|Any CPU = Release|Any CPU
	EndGlobalSection
	GlobalSection(ProjectConfigurationPlatforms) = postSolution
		{FBF36A28-75EA-4F70-B6BE-1EE14952FFC8}.Debug|Any CPU.ActiveCfg = Debug|Any CPU
		{FBF36A28-75EA-4F70-B6BE-1EE14952FFC8}.Debug|Any CPU.Build.0 = Debug|Any CPU
		{FBF36A28-75EA-4F70-B6BE-1EE14952FFC8}.Release|Any CPU.ActiveCfg = Release|Any CPU
		{FBF36A28-75EA-4F70-B6BE-1EE14952FFC8}.Release|Any CPU.Build.0 = Release|Any CPU
	EndGlobalSection
	GlobalSection(SolutionProperties) = preSolution
		HideSolutionNode = FALSE
	EndGlobalSection
	GlobalSection(ExtensibilityGlobals) = postSolution
		SolutionGuid = {6E4C4BB1-D8C5-4415-A357-D771D307B2B1}
	EndGlobalSection
EndGlobal
